{
  "name": "artifacts-app",
  "lockfileVersion": 3,
  "packages": {
    "": { "name": "artifacts-app" },
    "node_modules/express": { "version": "4.19.2" },
    "node_modules/@scope/util": { "version": "2.1.5" },
    "node_modules/typescript": { "version": "5.5.4" },
    "node_modules/express/node_modules/transitive-shadow": { "version": "9.9.9" },
    "node_modules/lockonly-transitive": { "version": "1.0.0" }
  }
}
